// !$*UTF8*$!
{
	archiveVersion = 1;
	classes = {
	};
	objectVersion = 48;
	objects = {

/* Begin PBXBuildFile section */
		D471096DF6C8B984DF70E0C9 /* libPods-LJCycleScrollView.a in Frameworks */ = {isa = PBXBuildFile; fileRef = 5E4AB2E6D3E4841AC8DFC20E /* libPods-LJCycleScrollView.a */; };
		F466BE6F20ABCD250092A471 /* AppDelegate+RegistRouters.m in Sources */ = {isa = PBXBuildFile; fileRef = F466BE6E20ABCD250092A471 /* AppDelegate+RegistRouters.m */; };
		F47C05BB2071D7BD00E61C26 /* AppDelegate.m in Sources */ = {isa = PBXBuildFile; fileRef = F47C05BA2071D7BD00E61C26 /* AppDelegate.m */; };
		F47C05BE2071D7BD00E61C26 /* ViewController.m in Sources */ = {isa = PBXBuildFile; fileRef = F47C05BD2071D7BD00E61C26 /* ViewController.m */; };
		F47C05C12071D7BD00E61C26 /* Main.storyboard in Resources */ = {isa = PBXBuildFile; fileRef = F47C05BF2071D7BD00E61C26 /* Main.storyboard */; };
		F47C05C32071D7BD00E61C26 /* Assets.xcassets in Resources */ = {isa = PBXBuildFile; fileRef = F47C05C22071D7BD00E61C26 /* Assets.xcassets */; };
		F47C05C62071D7BD00E61C26 /* LaunchScreen.storyboard in Resources */ = {isa = PBXBuildFile; fileRef = F47C05C42071D7BD00E61C26 /* LaunchScreen.storyboard */; };
		F47C05C92071D7BD00E61C26 /* main.m in Sources */ = {isa = PBXBuildFile; fileRef = F47C05C82071D7BD00E61C26 /* main.m */; };
		F47C05D42071D8E600E61C26 /* LJAdImageInfo.m in Sources */ = {isa = PBXBuildFile; fileRef = F47C05D32071D8E600E61C26 /* LJAdImageInfo.m */; };
		F47C05D72071DA5000E61C26 /* LJAdImageView.m in Sources */ = {isa = PBXBuildFile; fileRef = F47C05D62071DA5000E61C26 /* LJAdImageView.m */; };
		F47C05E82072291200E61C26 /* AdCollectionView.m in Sources */ = {isa = PBXBuildFile; fileRef = F47C05E72072291200E61C26 /* AdCollectionView.m */; };
		F47C05EB20722E9400E61C26 /* AdImageCollctionCell.m in Sources */ = {isa = PBXBuildFile; fileRef = F47C05EA20722E9400E61C26 /* AdImageCollctionCell.m */; };
		F47C05F4207363A400E61C26 /* LJPageControl.m in Sources */ = {isa = PBXBuildFile; fileRef = F47C05F3207363A400E61C26 /* LJPageControl.m */; };
/* End PBXBuildFile section */

/* Begin PBXFileReference section */
		3F32158494B45F166B80C417 /* Pods-LJCycleScrollView.release.xcconfig */ = {isa = PBXFileReference; includeInIndex = 1; lastKnownFileType = text.xcconfig; name = "Pods-LJCycleScrollView.release.xcconfig"; path = "Pods/Target Support Files/Pods-LJCycleScrollView/Pods-LJCycleScrollView.release.xcconfig"; sourceTree = "<group>"; };
		5E4AB2E6D3E4841AC8DFC20E /* libPods-LJCycleScrollView.a */ = {isa = PBXFileReference; explicitFileType = archive.ar; includeInIndex = 0; path = "libPods-LJCycleScrollView.a"; sourceTree = BUILT_PRODUCTS_DIR; };
		EEC5A62E6EB78EDE28F7EE8A /* Pods-LJCycleScrollView.debug.xcconfig */ = {isa = PBXFileReference; includeInIndex = 1; lastKnownFileType = text.xcconfig; name = "Pods-LJCycleScrollView.debug.xcconfig"; path = "Pods/Target Support Files/Pods-LJCycleScrollView/Pods-LJCycleScrollView.debug.xcconfig"; sourceTree = "<group>"; };
		F466BE6D20ABCD120092A471 /* AppDelegate+RegistRouters.h */ = {isa = PBXFileReference; lastKnownFileType = sourcecode.c.h; path = "AppDelegate+RegistRouters.h"; sourceTree = "<group>"; };
		F466BE6E20ABCD250092A471 /* AppDelegate+RegistRouters.m */ = {isa = PBXFileReference; lastKnownFileType = sourcecode.c.objc; path = "AppDelegate+RegistRouters.m"; sourceTree = "<group>"; };
		F47C05B62071D7BD00E61C26 /* LJCycleScrollView.app */ = {isa = PBXFileReference; explicitFileType = wrapper.application; includeInIndex = 0; path = LJCycleScrollView.app; sourceTree = BUILT_PRODUCTS_DIR; };
		F47C05B92071D7BD00E61C26 /* AppDelegate.h */ = {isa = PBXFileReference; lastKnownFileType = sourcecode.c.h; path = AppDelegate.h; sourceTree = "<group>"; };
		F47C05BA2071D7BD00E61C26 /* AppDelegate.m */ = {isa = PBXFileReference; lastKnownFileType = sourcecode.c.objc; path = AppDelegate.m; sourceTree = "<group>"; };
		F47C05BC2071D7BD00E61C26 /* ViewController.h */ = {isa = PBXFileReference; lastKnownFileType = sourcecode.c.h; path = ViewController.h; sourceTree = "<group>"; };
		F47C05BD2071D7BD00E61C26 /* ViewController.m */ = {isa = PBXFileReference; lastKnownFileType = sourcecode.c.objc; path = ViewController.m; sourceTree = "<group>"; };
		F47C05C02071D7BD00E61C26 /* Base */ = {isa = PBXFileReference; lastKnownFileType = file.storyboard; name = Base; path = Base.lproj/Main.storyboard; sourceTree = "<group>"; };
		F47C05C22071D7BD00E61C26 /* Assets.xcassets */ = {isa = PBXFileReference; lastKnownFileType = folder.assetcatalog; path = Assets.xcassets; sourceTree = "<group>"; };
		F47C05C52071D7BD00E61C26 /* Base */ = {isa = PBXFileReference; lastKnownFileType = file.storyboard; name = Base; path = Base.lproj/LaunchScreen.storyboard; sourceTree = "<group>"; };
		F47C05C72071D7BD00E61C26 /* Info.plist */ = {isa = PBXFileReference; lastKnownFileType = text.plist.xml; path = Info.plist; sourceTree = "<group>"; };
		F47C05C82071D7BD00E61C26 /* main.m */ = {isa = PBXFileReference; lastKnownFileType = sourcecode.c.objc; path = main.m; sourceTree = "<group>"; };
		F47C05D22071D8E600E61C26 /* LJAdImageInfo.h */ = {isa = PBXFileReference; lastKnownFileType = sourcecode.c.h; path = LJAdImageInfo.h; sourceTree = "<group>"; };
		F47C05D32071D8E600E61C26 /* LJAdImageInfo.m */ = {isa = PBXFileReference; lastKnownFileType = sourcecode.c.objc; path = LJAdImageInfo.m; sourceTree = "<group>"; };
		F47C05D52071DA5000E61C26 /* LJAdImageView.h */ = {isa = PBXFileReference; lastKnownFileType = sourcecode.c.h; path = LJAdImageView.h; sourceTree = "<group>"; };
		F47C05D62071DA5000E61C26 /* LJAdImageView.m */ = {isa = PBXFileReference; lastKnownFileType = sourcecode.c.objc; path = LJAdImageView.m; sourceTree = "<group>"; };
		F47C05D92071DCA100E61C26 /* UIViewExt.h */ = {isa = PBXFileReference; lastKnownFileType = sourcecode.c.h; path = UIViewExt.h; sourceTree = "<group>"; };
		F47C05DA2071DCA100E61C26 /* UIViewExt.m */ = {isa = PBXFileReference; lastKnownFileType = sourcecode.c.objc; path = UIViewExt.m; sourceTree = "<group>"; };
		F47C05E02072009000E61C26 /* CommonMacro.h */ = {isa = PBXFileReference; lastKnownFileType = sourcecode.c.h; path = CommonMacro.h; sourceTree = "<group>"; };
		F47C05E12072012200E61C26 /* PrefixHeader.pch */ = {isa = PBXFileReference; lastKnownFileType = sourcecode.c.h; path = PrefixHeader.pch; sourceTree = "<group>"; };
		F47C05E62072291200E61C26 /* AdCollectionView.h */ = {isa = PBXFileReference; lastKnownFileType = sourcecode.c.h; path = AdCollectionView.h; sourceTree = "<group>"; };
		F47C05E72072291200E61C26 /* AdCollectionView.m */ = {isa = PBXFileReference; lastKnownFileType = sourcecode.c.objc; path = AdCollectionView.m; sourceTree = "<group>"; };
		F47C05E920722E9400E61C26 /* AdImageCollctionCell.h */ = {isa = PBXFileReference; lastKnownFileType = sourcecode.c.h; path = AdImageCollctionCell.h; sourceTree = "<group>"; };
		F47C05EA20722E9400E61C26 /* AdImageCollctionCell.m */ = {isa = PBXFileReference; lastKnownFileType = sourcecode.c.objc; path = AdImageCollctionCell.m; sourceTree = "<group>"; };
		F47C05F2207363A400E61C26 /* LJPageControl.h */ = {isa = PBXFileReference; lastKnownFileType = sourcecode.c.h; path = LJPageControl.h; sourceTree = "<group>"; };
		F47C05F3207363A400E61C26 /* LJPageControl.m */ = {isa = PBXFileReference; lastKnownFileType = sourcecode.c.objc; path = LJPageControl.m; sourceTree = "<group>"; };
/* End PBXFileReference section */

/* Begin PBXFrameworksBuildPhase section */
		F47C05B32071D7BD00E61C26 /* Frameworks */ = {
			isa = PBXFrameworksBuildPhase;
			buildActionMask = 2147483647;
			files = (
				D471096DF6C8B984DF70E0C9 /* libPods-LJCycleScrollView.a in Frameworks */,
			);
			runOnlyForDeploymentPostprocessing = 0;
		};
/* End PBXFrameworksBuildPhase section */

/* Begin PBXGroup section */
		0232CC207B36EC26B45C0D69 /* Frameworks */ = {
			isa = PBXGroup;
			children = (
				5E4AB2E6D3E4841AC8DFC20E /* libPods-LJCycleScrollView.a */,
			);
			name = Frameworks;
			sourceTree = "<group>";
		};
		B7AC0791827D42E0E4937960 /* Pods */ = {
			isa = PBXGroup;
			children = (
				EEC5A62E6EB78EDE28F7EE8A /* Pods-LJCycleScrollView.debug.xcconfig */,
				3F32158494B45F166B80C417 /* Pods-LJCycleScrollView.release.xcconfig */,
			);
			name = Pods;
			sourceTree = "<group>";
		};
		F47C05AD2071D7BC00E61C26 = {
			isa = PBXGroup;
			children = (
				F47C05B82071D7BD00E61C26 /* LJCycleScrollView */,
				F47C05B72071D7BD00E61C26 /* Products */,
				B7AC0791827D42E0E4937960 /* Pods */,
				0232CC207B36EC26B45C0D69 /* Frameworks */,
			);
			sourceTree = "<group>";
		};
		F47C05B72071D7BD00E61C26 /* Products */ = {
			isa = PBXGroup;
			children = (
				F47C05B62071D7BD00E61C26 /* LJCycleScrollView.app */,
			);
			name = Products;
			sourceTree = "<group>";
		};
		F47C05B82071D7BD00E61C26 /* LJCycleScrollView */ = {
			isa = PBXGroup;
			children = (
				F47C05B92071D7BD00E61C26 /* AppDelegate.h */,
				F47C05BA2071D7BD00E61C26 /* AppDelegate.m */,
				F466BE6D20ABCD120092A471 /* AppDelegate+RegistRouters.h */,
				F466BE6E20ABCD250092A471 /* AppDelegate+RegistRouters.m */,
				F47C05E32072289300E61C26 /* Src */,
				F47C05DF2072007A00E61C26 /* Macros */,
				F47C05D82071DC8600E61C26 /* Category */,
				F47C05BF2071D7BD00E61C26 /* Main.storyboard */,
				F47C05C22071D7BD00E61C26 /* Assets.xcassets */,
				F47C05C42071D7BD00E61C26 /* LaunchScreen.storyboard */,
				F47C05E12072012200E61C26 /* PrefixHeader.pch */,
				F47C05C72071D7BD00E61C26 /* Info.plist */,
				F47C05C82071D7BD00E61C26 /* main.m */,
			);
			path = LJCycleScrollView;
			sourceTree = "<group>";
		};
		F47C05CF2071D87600E61C26 /* C */ = {
			isa = PBXGroup;
			children = (
				F47C05BC2071D7BD00E61C26 /* ViewController.h */,
				F47C05BD2071D7BD00E61C26 /* ViewController.m */,
			);
			name = C;
			path = ..;
			sourceTree = "<group>";
		};
		F47C05D02071D87E00E61C26 /* V */ = {
			isa = PBXGroup;
			children = (
				F47C05D52071DA5000E61C26 /* LJAdImageView.h */,
				F47C05D62071DA5000E61C26 /* LJAdImageView.m */,
				F47C05F2207363A400E61C26 /* LJPageControl.h */,
				F47C05F3207363A400E61C26 /* LJPageControl.m */,
			);
			path = V;
			sourceTree = "<group>";
		};
		F47C05D12071D88700E61C26 /* M */ = {
			isa = PBXGroup;
			children = (
				F47C05D22071D8E600E61C26 /* LJAdImageInfo.h */,
				F47C05D32071D8E600E61C26 /* LJAdImageInfo.m */,
			);
			name = M;
			path = ..;
			sourceTree = "<group>";
		};
		F47C05D82071DC8600E61C26 /* Category */ = {
			isa = PBXGroup;
			children = (
				F47C05D92071DCA100E61C26 /* UIViewExt.h */,
				F47C05DA2071DCA100E61C26 /* UIViewExt.m */,
			);
			path = Category;
			sourceTree = "<group>";
		};
		F47C05DF2072007A00E61C26 /* Macros */ = {
			isa = PBXGroup;
			children = (
				F47C05E02072009000E61C26 /* CommonMacro.h */,
			);
			name = Macros;
			sourceTree = "<group>";
		};
		F47C05E22072285700E61C26 /* BannerScrollView */ = {
			isa = PBXGroup;
			children = (
				F47C05D12071D88700E61C26 /* M */,
				F47C05D02071D87E00E61C26 /* V */,
				F47C05CF2071D87600E61C26 /* C */,
			);
			path = BannerScrollView;
			sourceTree = "<group>";
		};
		F47C05E32072289300E61C26 /* Src */ = {
			isa = PBXGroup;
			children = (
				F47C05E22072285700E61C26 /* BannerScrollView */,
				F47C05E4207228A300E61C26 /* BannerCollectionView */,
			);
			name = Src;
			sourceTree = "<group>";
		};
		F47C05E4207228A300E61C26 /* BannerCollectionView */ = {
			isa = PBXGroup;
			children = (
				F47C05E5207228C500E61C26 /* V */,
			);
			path = BannerCollectionView;
			sourceTree = "<group>";
		};
		F47C05E5207228C500E61C26 /* V */ = {
			isa = PBXGroup;
			children = (
				F47C05E62072291200E61C26 /* AdCollectionView.h */,
				F47C05E72072291200E61C26 /* AdCollectionView.m */,
				F47C05E920722E9400E61C26 /* AdImageCollctionCell.h */,
				F47C05EA20722E9400E61C26 /* AdImageCollctionCell.m */,
			);
			name = V;
			sourceTree = "<group>";
		};
/* End PBXGroup section */

/* Begin PBXNativeTarget section */
		F47C05B52071D7BD00E61C26 /* LJCycleScrollView */ = {
			isa = PBXNativeTarget;
			buildConfigurationList = F47C05CC2071D7BD00E61C26 /* Build configuration list for PBXNativeTarget "LJCycleScrollView" */;
			buildPhases = (
				5A106657F2BDC43A7A29D86D /* [CP] Check Pods Manifest.lock */,
				F47C05B22071D7BD00E61C26 /* Sources */,
				F47C05B32071D7BD00E61C26 /* Frameworks */,
				F47C05B42071D7BD00E61C26 /* Resources */,
				693C3F8CDDD4E52951485092 /* [CP] Embed Pods Frameworks */,
				D6FDF5942706D87569DB144A /* [CP] Copy Pods Resources */,
			);
			buildRules = (
			);
			dependencies = (
			);
			name = LJCycleScrollView;
			productName = LJCycleScrollView;
			productReference = F47C05B62071D7BD00E61C26 /* LJCycleScrollView.app */;
			productType = "com.apple.product-type.application";
		};
/* End PBXNativeTarget section */

/* Begin PBXProject section */
		F47C05AE2071D7BC00E61C26 /* Project object */ = {
			isa = PBXProject;
			attributes = {
				LastUpgradeCheck = 0920;
				ORGANIZATIONNAME = lijun;
				TargetAttributes = {
					F47C05B52071D7BD00E61C26 = {
						CreatedOnToolsVersion = 9.2;
						ProvisioningStyle = Automatic;
					};
				};
			};
			buildConfigurationList = F47C05B12071D7BC00E61C26 /* Build configuration list for PBXProject "LJCycleScrollView" */;
			compatibilityVersion = "Xcode 8.0";
			developmentRegion = en;
			hasScannedForEncodings = 0;
			knownRegions = (
				en,
				Base,
			);
			mainGroup = F47C05AD2071D7BC00E61C26;
			productRefGroup = F47C05B72071D7BD00E61C26 /* Products */;
			projectDirPath = "";
			projectRoot = "";
			targets = (
				F47C05B52071D7BD00E61C26 /* LJCycleScrollView */,
			);
		};
/* End PBXProject section */

/* Begin PBXResourcesBuildPhase section */
		F47C05B42071D7BD00E61C26 /* Resources */ = {
			isa = PBXResourcesBuildPhase;
			buildActionMask = 2147483647;
			files = (
				F47C05C62071D7BD00E61C26 /* LaunchScreen.storyboard in Resources */,
				F47C05C32071D7BD00E61C26 /* Assets.xcassets in Resources */,
				F47C05C12071D7BD00E61C26 /* Main.storyboard in Resources */,
			);
			runOnlyForDeploymentPostprocessing = 0;
		};
/* End PBXResourcesBuildPhase section */

/* Begin PBXShellScriptBuildPhase section */
		5A106657F2BDC43A7A29D86D /* [CP] Check Pods Manifest.lock */ = {
			isa = PBXShellScriptBuildPhase;
			buildActionMask = 2147483647;
			files = (
			);
			inputPaths = (
				"${PODS_PODFILE_DIR_PATH}/Podfile.lock",
				"${PODS_ROOT}/Manifest.lock",
			);
			name = "[CP] Check Pods Manifest.lock";
			outputPaths = (
				"$(DERIVED_FILE_DIR)/Pods-LJCycleScrollView-checkManifestLockResult.txt",
			);
			runOnlyForDeploymentPostprocessing = 0;
			shellPath = /bin/sh;
			shellScript = "diff \"${PODS_PODFILE_DIR_PATH}/Podfile.lock\" \"${PODS_ROOT}/Manifest.lock\" > /dev/null\nif [ $? != 0 ] ; then\n    # print error to STDERR\n    echo \"error: The sandbox is not in sync with the Podfile.lock. Run 'pod install' or update your CocoaPods installation.\" >&2\n    exit 1\nfi\n# This output is used by Xcode 'outputs' to avoid re-running this script phase.\necho \"SUCCESS\" > \"${SCRIPT_OUTPUT_FILE_0}\"\n";
			showEnvVarsInLog = 0;
		};
		693C3F8CDDD4E52951485092 /* [CP] Embed Pods Frameworks */ = {
			isa = PBXShellScriptBuildPhase;
			buildActionMask = 2147483647;
			files = (
			);
			inputPaths = (
			);
			name = "[CP] Embed Pods Frameworks";
			outputPaths = (
			);
			runOnlyForDeploymentPostprocessing = 0;
			shellPath = /bin/sh;
			shellScript = "\"${SRCROOT}/Pods/Target Support Files/Pods-LJCycleScrollView/Pods-LJCycleScrollView-frameworks.sh\"\n";
			showEnvVarsInLog = 0;
		};
		D6FDF5942706D87569DB144A /* [CP] Copy Pods Resources */ = {
			isa = PBXShellScriptBuildPhase;
			buildActionMask = 2147483647;
			files = (
			);
			inputPaths = (
			);
			name = "[CP] Copy Pods Resources";
			outputPaths = (
			);
			runOnlyForDeploymentPostprocessing = 0;
			shellPath = /bin/sh;
			shellScript = "\"${SRCROOT}/Pods/Target Support Files/Pods-LJCycleScrollView/Pods-LJCycleScrollView-resources.sh\"\n";
			showEnvVarsInLog = 0;
		};
/* End PBXShellScriptBuildPhase section */

/* Begin PBXSourcesBuildPhase section */
		F47C05B22071D7BD00E61C26 /* Sources */ = {
			isa = PBXSourcesBuildPhase;
			buildActionMask = 2147483647;
			files = (
				F466BE6F20ABCD250092A471 /* AppDelegate+RegistRouters.m in Sources */,
				F47C05D72071DA5000E61C26 /* LJAdImageView.m in Sources */,
				F47C05D42071D8E600E61C26 /* LJAdImageInfo.m in Sources */,
				F47C05EB20722E9400E61C26 /* AdImageCollctionCell.m in Sources */,
				F47C05BE2071D7BD00E61C26 /* ViewController.m in Sources */,
				F47C05E82072291200E61C26 /* AdCollectionView.m in Sources */,
				F47C05C92071D7BD00E61C26 /* main.m in Sources */,
				F47C05F4207363A400E61C26 /* LJPageControl.m in Sources */,
				F47C05BB2071D7BD00E61C26 /* AppDelegate.m in Sources */,
			);
			runOnlyForDeploymentPostprocessing = 0;
		};
/* End PBXSourcesBuildPhase section */

/* Begin PBXVariantGroup section */
		F47C05BF2071D7BD00E61C26 /* Main.storyboard */ = {
			isa = PBXVariantGroup;
			children = (
				F47C05C02071D7BD00E61C26 /* Base */,
			);
			name = Main.storyboard;
			sourceTree = "<group>";
		};
		F47C05C42071D7BD00E61C26 /* LaunchScreen.storyboard */ = {
			isa = PBXVariantGroup;
			children = (
				F47C05C52071D7BD00E61C26 /* Base */,
			);
			name = LaunchScreen.storyboard;
			sourceTree = "<group>";
		};
/* End PBXVariantGroup section */

/* Begin XCBuildConfiguration section */
		F47C05CA2071D7BD00E61C26 /* Debug */ = {
			isa = XCBuildConfiguration;
			buildSettings = {
				ALWAYS_SEARCH_USER_PATHS = NO;
				CLANG_ANALYZER_NONNULL = YES;
				CLANG_ANALYZER_NUMBER_OBJECT_CONVERSION = YES_AGGRESSIVE;
				CLANG_CXX_LANGUAGE_STANDARD = "gnu++14";
				CLANG_CXX_LIBRARY = "libc++";
				CLANG_ENABLE_MODULES = YES;
				CLANG_ENABLE_OBJC_ARC = YES;
				CLANG_WARN_BLOCK_CAPTURE_AUTORELEASING = YES;
				CLANG_WARN_BOOL_CONVERSION = YES;
				CLANG_WARN_COMMA = YES;
				CLANG_WARN_CONSTANT_CONVERSION = YES;
				CLANG_WARN_DIRECT_OBJC_ISA_USAGE = YES_ERROR;
				CLANG_WARN_DOCUMENTATION_COMMENTS = YES;
				CLANG_WARN_EMPTY_BODY = YES;
				CLANG_WARN_ENUM_CONVERSION = YES;
				CLANG_WARN_INFINITE_RECURSION = YES;
				CLANG_WARN_INT_CONVERSION = YES;
				CLANG_WARN_NON_LITERAL_NULL_CONVERSION = YES;
				CLANG_WARN_OBJC_LITERAL_CONVERSION = YES;
				CLANG_WARN_OBJC_ROOT_CLASS = YES_ERROR;
				CLANG_WARN_RANGE_LOOP_ANALYSIS = YES;
				CLANG_WARN_STRICT_PROTOTYPES = YES;
				CLANG_WARN_SUSPICIOUS_MOVE = YES;
				CLANG_WARN_UNGUARDED_AVAILABILITY = YES_AGGRESSIVE;
				CLANG_WARN_UNREACHABLE_CODE = YES;
				CLANG_WARN__DUPLICATE_METHOD_MATCH = YES;
				CODE_SIGN_IDENTITY = "iPhone Developer";
				COPY_PHASE_STRIP = NO;
				DEBUG_INFORMATION_FORMAT = dwarf;
				ENABLE_STRICT_OBJC_MSGSEND = YES;
				ENABLE_TESTABILITY = YES;
				GCC_C_LANGUAGE_STANDARD = gnu11;
				GCC_DYNAMIC_NO_PIC = NO;
				GCC_NO_COMMON_BLOCKS = YES;
				GCC_OPTIMIZATION_LEVEL = 0;
				GCC_PREPROCESSOR_DEFINITIONS = (
					"DEBUG=1",
					"$(inherited)",
				);
				GCC_WARN_64_TO_32_BIT_CONVERSION = YES;
				GCC_WARN_ABOUT_RETURN_TYPE = YES_ERROR;
				GCC_WARN_UNDECLARED_SELECTOR = YES;
				GCC_WARN_UNINITIALIZED_AUTOS = YES_AGGRESSIVE;
				GCC_WARN_UNUSED_FUNCTION = YES;
				GCC_WARN_UNUSED_VARIABLE = YES;
				IPHONEOS_DEPLOYMENT_TARGET = 11.2;
				MTL_ENABLE_DEBUG_INFO = YES;
				ONLY_ACTIVE_ARCH = YES;
				SDKROOT = iphoneos;
			};
			name = Debug;
		};
		F47C05CB2071D7BD00E61C26 /* Release */ = {
			isa = XCBuildConfiguration;
			buildSettings = {
				ALWAYS_SEARCH_USER_PATHS = NO;
				CLANG_ANALYZER_NONNULL = YES;
				CLANG_ANALYZER_NUMBER_OBJECT_CONVERSION = YES_AGGRESSIVE;
				CLANG_CXX_LANGUAGE_STANDARD = "gnu++14";
				CLANG_CXX_LIBRARY = "libc++";
				CLANG_ENABLE_MODULES = YES;
				CLANG_ENABLE_OBJC_ARC = YES;
				CLANG_WARN_BLOCK_CAPTURE_AUTORELEASING = YES;
				CLANG_WARN_BOOL_CONVERSION = YES;
				CLANG_WARN_COMMA = YES;
				CLANG_WARN_CONSTANT_CONVERSION = YES;
				CLANG_WARN_DIRECT_OBJC_ISA_USAGE = YES_ERROR;
				CLANG_WARN_DOCUMENTATION_COMMENTS = YES;
				CLANG_WARN_EMPTY_BODY = YES;
				CLANG_WARN_ENUM_CONVERSION = YES;
				CLANG_WARN_INFINITE_RECURSION = YES;
				CLANG_WARN_INT_CONVERSION = YES;
				CLANG_WARN_NON_LITERAL_NULL_CONVERSION = YES;
				CLANG_WARN_OBJC_LITERAL_CONVERSION = YES;
				CLANG_WARN_OBJC_ROOT_CLASS = YES_ERROR;
				CLANG_WARN_RANGE_LOOP_ANALYSIS = YES;
				CLANG_WARN_STRICT_PROTOTYPES = YES;
				CLANG_WARN_SUSPICIOUS_MOVE = YES;
				CLANG_WARN_UNGUARDED_AVAILABILITY = YES_AGGRESSIVE;
				CLANG_WARN_UNREACHABLE_CODE = YES;
				CLANG_WARN__DUPLICATE_METHOD_MATCH = YES;
				CODE_SIGN_IDENTITY = "iPhone Developer";
				COPY_PHASE_STRIP = NO;
				DEBUG_INFORMATION_FORMAT = "dwarf-with-dsym";
				ENABLE_NS_ASSERTIONS = NO;
				ENABLE_STRICT_OBJC_MSGSEND = YES;
				GCC_C_LANGUAGE_STANDARD = gnu11;
				GCC_NO_COMMON_BLOCKS = YES;
				GCC_WARN_64_TO_32_BIT_CONVERSION = YES;
				GCC_WARN_ABOUT_RETURN_TYPE = YES_ERROR;
				GCC_WARN_UNDECLARED_SELECTOR = YES;
				GCC_WARN_UNINITIALIZED_AUTOS = YES_AGGRESSIVE;
				GCC_WARN_UNUSED_FUNCTION = YES;
				GCC_WARN_UNUSED_VARIABLE = YES;
				IPHONEOS_DEPLOYMENT_TARGET = 11.2;
				MTL_ENABLE_DEBUG_INFO = NO;
				SDKROOT = iphoneos;
				VALIDATE_PRODUCT = YES;
			};
			name = Release;
		};
		F47C05CD2071D7BD00E61C26 /* Debug */ = {
			isa = XCBuildConfiguration;
			baseConfigurationReference = EEC5A62E6EB78EDE28F7EE8A /* Pods-LJCycleScrollView.debug.xcconfig */;
			buildSettings = {
				ASSETCATALOG_COMPILER_APPICON_NAME = AppIcon;
				CODE_SIGN_STYLE = Automatic;
				DEVELOPMENT_TEAM = 22DW6D8D79;
				GCC_PREFIX_HEADER = LJCycleScrollView/PrefixHeader.pch;
				INFOPLIST_FILE = LJCycleScrollView/Info.plist;
				IPHONEOS_DEPLOYMENT_TARGET = 9.0;
				LD_RUNPATH_SEARCH_PATHS = "$(inherited) @executable_path/Frameworks";
				PRODUCT_BUNDLE_IDENTIFIER = com.jun.LJCycleScrollView;
				PRODUCT_NAME = "$(TARGET_NAME)";
				TARGETED_DEVICE_FAMILY = "1,2";
			};
			name = Debug;
		};
		F47C05CE2071D7BD00E61C26 /* Release */ = {
			isa = XCBuildConfiguration;
			baseConfigurationReference = 3F32158494B45F166B80C417 /* Pods-LJCycleScrollView.release.xcconfig */;
			buildSettings = {
				ASSETCATALOG_COMPILER_APPICON_NAME = AppIcon;
				CODE_SIGN_STYLE = Automatic;
				DEVELOPMENT_TEAM = 22DW6D8D79;
				GCC_PREFIX_HEADER = LJCycleScrollView/PrefixHeader.pch;
				INFOPLIST_FILE = LJCycleScrollView/Info.plist;
				IPHONEOS_DEPLOYMENT_TARGET = 9.0;
				LD_RUNPATH_SEARCH_PATHS = "$(inherited) @executable_path/Frameworks";
				PRODUCT_BUNDLE_IDENTIFIER = com.jun.LJCycleScrollView;
				PRODUCT_NAME = "$(TARGET_NAME)";
				TARGETED_DEVICE_FAMILY = "1,2";
			};
			name = Release;
		};
/* End XCBuildConfiguration section */

/* Begin XCConfigurationList section */
		F47C05B12071D7BC00E61C26 /* Build configuration list for PBXProject "LJCycleScrollView" */ = {
			isa = XCConfigurationList;
			buildConfigurations = (
				F47C05CA2071D7BD00E61C26 /* Debug */,
				F47C05CB2071D7BD00E61C26 /* Release */,
			);
			defaultConfigurationIsVisible = 0;
			defaultConfigurationName = Release;
		};
		F47C05CC2071D7BD00E61C26 /* Build configuration list for PBXNativeTarget "LJCycleScrollView" */ = {
			isa = XCConfigurationList;
			buildConfigurations = (
				F47C05CD2071D7BD00E61C26 /* Debug */,
				F47C05CE2071D7BD00E61C26 /* Release */,
			);
			defaultConfigurationIsVisible = 0;
			defaultConfigurationName = Release;
		};
/* End XCConfigurationList section */
	};
	rootObject = F47C05AE2071D7BC00E61C26 /* Project object */;
}
